
Microsoft Visual Studio Solution File, Format Version 12.00
# Visual Studio Version 16
VisualStudioVersion = 16.0.30907.101
MinimumVisualStudioVersion = 15.0.26124.0
Project("{9A19103F-16F7-4668-BE54-9A1E7A4F7556}") = "Modbus", "Source\Modbus.csproj", "{BA3CBC89-BC4E-4538-9249-997D9C11DE93}"
EndProject
Project("{9A19103F-16F7-4668-BE54-9A1E7A4F7556}") = "Modbus.Specs", "Specifications\Modbus.Specs.csproj", "{B83D9049-2F11-4E70-81E9-7A142E86E257}"
EndProject
Global
	GlobalSection(SolutionConfigurationPlatforms) = preSolution
		Debug|Any CPU = Debug|Any CPU
		Debug|x64 = Debug|x64
		Debug|x86 = Debug|x86
		Release|Any CPU = Release|Any CPU
		Release|x64 = Release|x64
		Release|x86 = Release|x86
	EndGlobalSection
	GlobalSection(ProjectConfigurationPlatforms) = postSolution
		{BA3CBC89-BC4E-4538-9249-997D9C11DE93}.Debug|Any CPU.ActiveCfg = Debug|Any CPU
		{BA3CBC89-BC4E-4538-9249-997D9C11DE93}.Debug|Any CPU.Build.0 = Debug|Any CPU
		{BA3CBC89-BC4E-4538-9249-997D9C11DE93}.Debug|x64.ActiveCfg = Debug|Any CPU
		{BA3CBC89-BC4E-4538-9249-997D9C11DE93}.Debug|x64.Build.0 = Debug|Any CPU
		{BA3CBC89-BC4E-4538-9249-997D9C11DE93}.Debug|x86.ActiveCfg = Debug|Any CPU
		{BA3CBC89-BC4E-4538-9249-997D9C11DE93}.Debug|x86.Build.0 = Debug|Any CPU
		{BA3CBC89-BC4E-4538-9249-997D9C11DE93}.Release|Any CPU.ActiveCfg = Release|Any CPU
		{BA3CBC89-BC4E-4538-9249-997D9C11DE93}.Release|Any CPU.Build.0 = Release|Any CPU
		{BA3CBC89-BC4E-4538-9249-997D9C11DE93}.Release|x64.ActiveCfg = Release|Any CPU
		{BA3CBC89-BC4E-4538-9249-997D9C11DE93}.Release|x64.Build.0 = Release|Any CPU
		{BA3CBC89-BC4E-4538-9249-997D9C11DE93}.Release|x86.ActiveCfg = Release|Any CPU
		{BA3CBC89-BC4E-4538-9249-997D9C11DE93}.Release|x86.Build.0 = Release|Any CPU
		{B83D9049-2F11-4E70-81E9-7A142E86E257}.Debug|Any CPU.ActiveCfg = Debug|Any CPU
		{B83D9049-2F11-4E70-81E9-7A142E86E257}.Debug|Any CPU.Build.0 = Debug|Any CPU
		{B83D9049-2F11-4E70-81E9-7A142E86E257}.Debug|x64.ActiveCfg = Debug|Any CPU
		{B83D9049-2F11-4E70-81E9-7A142E86E257}.Debug|x64.Build.0 = Debug|Any CPU
		{B83D9049-2F11-4E70-81E9-7A142E86E257}.Debug|x86.ActiveCfg = Debug|Any CPU
		{B83D9049-2F11-4E70-81E9-7A142E86E257}.Debug|x86.Build.0 = Debug|Any CPU
		{B83D9049-2F11-4E70-81E9-7A142E86E257}.Release|Any CPU.ActiveCfg = Release|Any CPU
		{B83D9049-2F11-4E70-81E9-7A142E86E257}.Release|Any CPU.Build.0 = Release|Any CPU
		{B83D9049-2F11-4E70-81E9-7A142E86E257}.Release|x64.ActiveCfg = Release|Any CPU
		{B83D9049-2F11-4E70-81E9-7A142E86E257}.Release|x64.Build.0 = Release|Any CPU
		{B83D9049-2F11-4E70-81E9-7A142E86E257}.Release|x86.ActiveCfg = Release|Any CPU
		{B83D9049-2F11-4E70-81E9-7A142E86E257}.Release|x86.Build.0 = Release|Any CPU
	EndGlobalSection
	GlobalSection(SolutionProperties) = preSolution
		HideSolutionNode = FALSE
	EndGlobalSection
	GlobalSection(ExtensibilityGlobals) = postSolution
		SolutionGuid = {5E60829A-3B4D-4D9B-AB62-A239327542B5}
	EndGlobalSection
EndGlobal
